
Microsoft Visual Studio Solution File, Format Version 12.00
# Visual Studio Version 17
VisualStudioVersion = 17.10.34928.147
MinimumVisualStudioVersion = 10.0.40219.1
Project("{FAE04EC0-301F-11D3-BF4B-00C04F79EFBC}") = "NCrontab.Console", "NCrontab.Console\NCrontab.Console.csproj", "{FA379A5A-6A2B-4EF9-BB1B-40B21E69D122}"
EndProject
Project("{FAE04EC0-301F-11D3-BF4B-00C04F79EFBC}") = "Northwind.AzureFunctions.Service", "Northwind.AzureFunctions.Service\Northwind.AzureFunctions.Service.csproj", "{2A5EB9A7-217A-4F2D-A184-63D840D27C11}"
EndProject
Global
	GlobalSection(SolutionConfigurationPlatforms) = preSolution
		Debug|Any CPU = Debug|Any CPU
		Release|Any CPU = Release|Any CPU
	EndGlobalSection
	GlobalSection(ProjectConfigurationPlatforms) = postSolution
		{FA379A5A-6A2B-4EF9-BB1B-40B21E69D122}.Debug|Any CPU.ActiveCfg = Debug|Any CPU
		{FA379A5A-6A2B-4EF9-BB1B-40B21E69D122}.Debug|Any CPU.Build.0 = Debug|Any CPU
		{FA379A5A-6A2B-4EF9-BB1B-40B21E69D122}.Release|Any CPU.ActiveCfg = Release|Any CPU
		{FA379A5A-6A2B-4EF9-BB1B-40B21E69D122}.Release|Any CPU.Build.0 = Release|Any CPU
		{2A5EB9A7-217A-4F2D-A184-63D840D27C11}.Debug|Any CPU.ActiveCfg = Debug|Any CPU
		{2A5EB9A7-217A-4F2D-A184-63D840D27C11}.Debug|Any CPU.Build.0 = Debug|Any CPU
		{2A5EB9A7-217A-4F2D-A184-63D840D27C11}.Release|Any CPU.ActiveCfg = Release|Any CPU
		{2A5EB9A7-217A-4F2D-A184-63D840D27C11}.Release|Any CPU.Build.0 = Release|Any CPU
	EndGlobalSection
	GlobalSection(SolutionProperties) = preSolution
		HideSolutionNode = FALSE
	EndGlobalSection
	GlobalSection(ExtensibilityGlobals) = postSolution
		SolutionGuid = {FA1EFD11-920F-4851-8E7B-C6BECF1EF9BD}
	EndGlobalSection
EndGlobal
